// Bun lockfile — text JSONC format (Bun 1.2+).
// Generated by Bun v1.2.x.  Edit with care.
// IMPORTANT: The "overrides" block in package.json forces qs to 6.5.3.
// Express 4.21.2 declares qs@6.13.0 in its own deps, but the override
// wins.  A correct Mend scan must report qs@6.5.3, NOT qs@6.13.0.
// If Mend ignores overrides, qs@6.13.0 will appear — that is the bug
// this probe is designed to expose.
{
  "lockfileVersion": 1,

  // workspaces: root-only project (no monorepo members).
  "workspaces": {
    "": {
      "name": "bun-overrides-probe",
      "dependencies": {
        "express": "^4.21.2",
      },
      "overrides": {
        "qs": "6.5.3",
      },
    },
  },

  // packages: resolved registry entries.
  // Tuple format: ["name@version", { metadata }, "integrity-hash"]
  "packages": {

    // Direct dep — express 4.21.2.
    // express declares qs@6.13.0, but overrides forces it to 6.5.3.
    "express": ["express@4.21.2", {
      "dependencies": {
        "accepts": "~1.3.8",
        "array-flatten": "1.1.1",
        "body-parser": "1.20.3",
        "content-disposition": "0.5.4",
        "content-type": "~1.0.4",
        "cookie": "0.7.1",
        "cookie-signature": "1.0.6",
        "debug": "2.6.9",
        "depd": "2.0.0",
        "encodeurl": "~2.0.0",
        "escape-html": "~1.0.3",
        "etag": "~1.8.1",
        "finalhandler": "1.3.1",
        "fresh": "0.5.2",
        "http-errors": "2.0.0",
        "merge-descriptors": "1.0.3",
        "methods": "~1.1.2",
        "on-finished": "2.4.1",
        "parseurl": "~1.3.3",
        "path-to-regexp": "0.1.12",
        "proxy-addr": "~2.0.7",
        "qs": "6.13.0",
        "range-parser": "~1.2.1",
        "safe-buffer": "5.2.1",
        "send": "0.19.0",
        "serve-static": "1.16.2",
        "setprototypeof": "1.2.0",
        "statuses": "2.0.1",
        "type-is": "~1.6.18",
        "utils-merge": "1.0.1",
        "vary": "~1.1.2",
      },
    }, "sha512-28HqgMZAmih1Czt9ny7qr6ek2qddF4FclbMzwhCREB6OFfH+rXAnuNCwo1/wFvrtbgsQDb4kSbX9de9lFbrXnA=="],

    // Transitive dep — OVERRIDDEN version.
    // Natural resolution from express would be 6.13.0.
    // The root overrides block forces this to 6.5.3.
    // Bun records the override-applied version here.
    "qs": ["qs@6.5.3", {}, "sha512-qxXIEh4pCGfHICj1mAJQ2/2XVZkjCDTcEgfoSQxc/fYivUZxTkk7L3bDBJSoNrEzXI17oUO5Dp07ktqE5KzczA=="],

    // Remaining express transitives (natural versions — not overridden).
    "accepts": ["accepts@1.3.8", {
      "dependencies": {
        "mime-types": "~2.1.34",
        "negotiator": "0.6.3",
      },
    }, "sha512-QADzlaHc8icV8I7vbaJXJwod9HWYp8uCqf1xa4OfNu1T7JT/zwfTr16T05T/xlATC2aH/lzOXwd4+d2QuiTS4=="],

    "array-flatten": ["array-flatten@1.1.1", {}, "sha512-PCVAQswWemu6UdxsDFFX/+gVeYqKAod3D3UVm91jHwynguOwavYQwf55wngl8sCYB/dartLWQHZ7lWPbzG2ov9Q=="],

    "body-parser": ["body-parser@1.20.3", {
      "dependencies": {
        "bytes": "3.1.2",
        "content-type": "~1.0.5",
        "debug": "2.6.9",
        "depd": "2.0.0",
        "destroy": "1.2.0",
        "http-errors": "2.0.0",
        "iconv-lite": "0.4.24",
        "on-finished": "2.4.1",
        "qs": "6.13.0",
        "raw-body": "2.5.2",
        "type-is": "~1.6.18",
        "unpipe": "1.0.0",
      },
    }, "sha512-nPIBHs4zzpSEBLOhCkTwCCWzYiGXCPP5RxGOJcAlNnz2L7SnJMk/MnDTKFjbpAYoM4bAjmHjBVQIPEBJKi3g=="],

    "bytes": ["bytes@3.1.2", {}, "sha512-/Nf7TyzTx6S3yRJObOqbjERkF7722ZetRSMSox4B1Y6yjxGE9kd4+hFbTJd8W7pxuFVmxTCb7RBIVtEHaEkfQ=="],

    "content-disposition": ["content-disposition@0.5.4", {
      "dependencies": {
        "safe-buffer": "5.2.1",
      },
    }, "sha512-FveZTNuGw04cxlAiPNAc1Iqg/7cj6/SAJOUNQCFsHj2wbNjY3YjTKwJqGRDiExvxq4Sz5vx1IlO0bBMnXHMw=="],

    "content-type": ["content-type@1.0.5", {}, "sha512-nTjqfcBFEipKdXCv4a/Utu9RGCLJtSKRG7/S4e5XJqOQ59fSz7uc1Ym1NQMKGjjKE/gLEurJFXPKPhGMKNw=="],

    "cookie": ["cookie@0.7.1", {}, "sha512-6DnInpx7SJ2AK3+CTUE/ZM0vWTUboZCegzg7blI9DfEp21T3IT9JUvQnCw3FLn1JP/KqcSUFN6wr4EQkRpyqw=="],

    "cookie-signature": ["cookie-signature@1.0.6", {}, "sha512-QADzlaHc8icV8I7vbaJXJwod9HWYp8uCqf1xa4OfNu1T7JT/zwfTr16T05T/xlATC2aH/lzOXwd4+d2QuiTS4=="],

    "debug": ["debug@2.6.9", {
      "dependencies": {
        "ms": "2.0.0",
      },
    }, "sha512-bC7ElrdJaJnPbAP+1EotYvqZsb3ecl5wi6Bfi6BJTUgqjmPFuNbO70SlfN0ATcmWuLEyk1bW7e/1ORB2t4Orw=="],

    "depd": ["depd@2.0.0", {}, "sha512-g7nH6P6dyDioJogAAGprGpCtVImJhpPk/roCzdb3fIh61/s/nPsfR6onyMwkCAR/OlC3yBC0uyLpY2jZLQW2Q=="],

    "destroy": ["destroy@1.2.0", {}, "sha512-2sJGJTaXIIaR1w4iJSNoN0hnTO1KUEkTKpAn73n5VR7i3Ld6tMB2/eDpCGkFhElpCc0aHbfkKgc7Gn6/B0kw=="],

    "encodeurl": ["encodeurl@2.0.0", {}, "sha512-Q0n9HRi4m6JuGIV1eFlmvJB7ZEVxu93IrMyiMsGC0lrMJMWzRgx6WGquyfQgZVb31vhGgXnfmPNNXmxnOkSBw=="],

    "escape-html": ["escape-html@1.0.3", {}, "sha512-NiSupZ4OeuGwr68lGIeym/ksIZMJodUGOSCZ/FSnTxcrekbvqrgdUxlJOMpijaKZVjAJrWrGs/6Jy8OMuyj9ow=="],

    "etag": ["etag@1.8.1", {}, "sha512-aIL5Fx7mawVa300al2BnEE4iNvo1qETxLrPI/o05L7z6go7fCw1J6EQmbK4FmJ2AS7kgVF/KEZWufBfdClMcPg=="],

    "finalhandler": ["finalhandler@1.3.1", {
      "dependencies": {
        "debug": "2.6.9",
        "encodeurl": "~2.0.0",
        "escape-html": "~1.0.3",
        "on-finished": "2.4.1",
        "parseurl": "~1.3.3",
        "statuses": "2.0.1",
        "unpipe": "~1.0.0",
      },
    }, "sha512-6BN9trH7bp3qvnrRyzsBz+g3lZxTNZTbVO2EV1CS0WIcDbawYVdYvGflME/9QP0h0pYlCDBCTjYa9nZzMDpyg=="],

    "forwarded": ["forwarded@0.2.0", {}, "sha512-buRG0fpBtRHSTCOASe6hD258tEubFoRLb4ZNA6NxMVHNw2gOcwHo9wyablzMzOA5z9zd9EWxi18jKFdNRkKQA=="],

    "fresh": ["fresh@0.5.2", {}, "sha512-zJ2mQYM18rEwhdiAmIw0B4gSrWVKy0kQGkxYKz/TyRcVLmfH+GEBOLPqbdNd6dURbdcV76IoN4p/r0mFBVFQ=="],

    "http-errors": ["http-errors@2.0.0", {
      "dependencies": {
        "depd": "2.0.0",
        "inherits": "2.0.4",
        "setprototypeof": "1.2.0",
        "statuses": "2.0.1",
        "toidentifier": "1.0.1",
      },
    }, "sha512-FtwrG/euBzaEjYeRqOgly7G0qviiXoAjYvUq7P2zy0hVBFRMo1oMBbHK/p4KiNSywnDGvKaIpkBhOEB/5mhVw=="],

    "iconv-lite": ["iconv-lite@0.4.24", {
      "dependencies": {
        "safer-buffer": ">= 2.1.2 < 3",
      },
    }, "sha512-v3MXnZAcvnywkTUEZomIActle7RXXeedOR31wwl7VlyoXO4Qi9arvXJ8AOYe5pzDEDM8em4gJZ7mBoCB+VMHiA=="],

    "inherits": ["inherits@2.0.4", {}, "sha512-k/vGaX4/Yla3WzyMCvTQOXYeIHvqOKtnqBduzTHpzpQZzAskKMhZ2K+EnBiSM9zGSoIFeMpXKxa4dYeZIQqew=="],

    "ipaddr.js": ["ipaddr.js@1.9.1", {}, "sha512-0KI/607xoxSToH7GjN1FfSbLoU0+btTicjsQSWQlh/hZykN8KpmMf7uYwPW3R+akZ6R/w18ZlXSHBYXiYUPO2g=="],

    "media-typer": ["media-typer@0.3.0", {}, "sha512-dq+qelQ9akHpcOl/gUZRIWgx3aByXhSuFcLJX2+7vIEEqAAFNk8Mw3VnDCxMBIDl7bKMjhHGz1pBYoLl/sEw=="],

    "merge-descriptors": ["merge-descriptors@1.0.3", {}, "sha512-gaNvAS7TZ897/rVeZ3LiDMkjSVrCvOrUWnEjlmJWaVfVsHCPqOFqpBPFQNc6VVTyg2YEi+i0I6jiwuNFCEBg=="],

    "methods": ["methods@1.1.2", {}, "sha512-iclAHeNqNm68zFtnZ0e+1L2yUIdvzNoauKU4WBA3VvH/vPFieF7qfRlwUZU+DA9P9bPXIS90GiKohJXByxl4Q=="],

    "mime": ["mime@1.6.0", {}, "sha512-x0Vn8spI+wuJ1O6S7gnbaQg8Pxh4NNHb7KSINmEWKiPE4RKOplvijn+NkmYmmRgP68mc70j2EbeTFRsrswaQeg=="],

    "mime-db": ["mime-db@1.52.0", {}, "sha512-sPU4uV7dYlvtWJxwwxHD0PuihVNiE7TyAbQ5SWxDCB9mUYvOgroQOwYQQOKPJ8CIbE+1ETVlOoK1UC2nU3gYw=="],

    "mime-types": ["mime-types@2.1.35", {
      "dependencies": {
        "mime-db": "1.52.0",
      },
    }, "sha512-ZDY+bPm5zTTF+YpCrAU9nK0UjICYXUIGZd6CdZyzuJAA4uoTram48Of9LA0bMnRlS4VkSmkYYzQ/3tRVr8QqQ=="],

    "ms": ["ms@2.0.0", {}, "sha512-Tpp60P6IUJDTuOq/5Z8cdskzJujfwqfOTkrwIwj7irYjYJkYpZWtm9PxGiTMRpZUPp5DJDujM1h8ZRLN70hug=="],

    "negotiator": ["negotiator@0.6.3", {}, "sha512-+EUsqGPLsM+j/zdChZjsnX51g4XrHFOIXwfnCVPGlQk/k5giakcKsuxCObBRu6DSm9opw/O6slWbJdghQM4bBg=="],

    "on-finished": ["on-finished@2.4.1", {
      "dependencies": {
        "ee-first": "1.1.1",
      },
    }, "sha512-oVlzkg3pt1Te7ybAR/IadSHKKXM8fBdPn+ciqWBMH0gMKLVa6rLT7P9DqGnXjR5Q3Mv5oRWRgEBzGGTCaP4Pw=="],

    "ee-first": ["ee-first@1.1.1", {}, "sha512-WMwea9jqhjqdPOK+TkNoM+8zp41k2kPOyV4tEjhOgHbQfV8URJL2gikJd7jWV7Ges9gNFkiOFpN0/9dOixG+A=="],

    "parseurl": ["parseurl@1.3.3", {}, "sha512-CiyeOxFT/JZyN5m0z9PfXcYjjbe1aK4VCYmJUfber0TMT0E7Mvxzb9NTxCyEBIQmNi56j1gvfpGFGZoHBbPzg=="],

    "path-to-regexp": ["path-to-regexp@0.1.12", {}, "sha512-RA1GjUVMnvYFxuqovrEqZoxxW5NUZqbwKtYz/Tt7nXerk0LbLblQmrsgkFMIF8aZsD9ksKohHt1ax71ymKMGw=="],

    "proxy-addr": ["proxy-addr@2.0.7", {
      "dependencies": {
        "forwarded": "0.2.0",
        "ipaddr.js": "1.9.1",
      },
    }, "sha512-llQsfMLAgTQSW1HOvTSLLzwq7e2WoIRbLMnGfk8hRc4Z8XNnuFwJiHxfW7IJJZ7GmJHWHSxCH0BPZW4fDwWQ=="],

    "range-parser": ["range-parser@1.2.1", {}, "sha512-Hrgsx5wZQia2LlyeE9V3/EL2XcNzJKKeBFAoGu+7JKmGr7AoJMzFAkHyQBEqXL//VChFjL5oIfL4sfjG2bV0Q=="],

    "raw-body": ["raw-body@2.5.2", {
      "dependencies": {
        "bytes": "3.1.2",
        "http-errors": "2.0.0",
        "iconv-lite": "0.4.24",
        "unpipe": "1.0.0",
      },
    }, "sha512-8zGqypfENjCIqGhgXToC8aB2r7YrBX+AQAfIPs/Mlk+BtPTztOvts01NofxqKL4LC1YAO5AtoqSlnmkrbuGR3w=="],

    "safe-buffer": ["safe-buffer@5.2.1", {}, "sha512-rp3So07KcdmmKbGvgaNxQSJr7bGVSVk5S9Eq1F+ppbRo70+YeGyB79+E+zy/gVoaFAqUIydBMQRFRtiYD+P3A=="],

    "safer-buffer": ["safer-buffer@2.1.2", {}, "sha512-YZo3K82SD7Riyi0E1EQPojLz7kpepnSQI9IyPbHHg1XXXevb5dJI7tpyN2ADxGrrXovjkHwv4nV8YR2zDwA3Fw=="],

    "send": ["send@0.19.0", {
      "dependencies": {
        "debug": "2.6.9",
        "depd": "2.0.0",
        "destroy": "1.2.0",
        "encodeurl": "~1.0.2",
        "escape-html": "~1.0.3",
        "etag": "~1.8.1",
        "fresh": "0.5.2",
        "http-errors": "2.0.0",
        "mime": "1.6.0",
        "ms": "2.0.0",
        "on-finished": "2.4.1",
        "range-parser": "~1.2.1",
        "statuses": "2.0.1",
      },
    }, "sha512-dW41u5VfLXu8S6agb/LEkSSmjWn6lJbXWWGFXKOqbKiRgFtQEpviV0DnIHnzA6ry8Q6ISjBK8nFmC9VC5mAdA=="],

    "serve-static": ["serve-static@1.16.2", {
      "dependencies": {
        "encodeurl": "~2.0.0",
        "escape-html": "~1.0.3",
        "parseurl": "~1.3.3",
        "send": "0.19.0",
      },
    }, "sha512-VqpjJZKadQB/PmpMnryuJZScNYoON4LRqBLDIEOCaEMJlxmUfvs1RNmxPudQz1WMIU+BDe6X4a+ky0Ry5cxNLw=="],

    "setprototypeof": ["setprototypeof@1.2.0", {}, "sha512-E5LDX7Wrp85Kil5bhZv46j8jOeboKq5JMmYM3gVGdGH8xFpPWXUMsNrlODCrkoxMEeNi/XZIwuRvY4XNwYMJpw=="],

    "statuses": ["statuses@2.0.1", {}, "sha512-RwNA9Z/7PrK06rYLIzFMlaF+l73iwpzsqRIFgbMLbTcLD6cOao82TaWefPXQvB2fOC4AjuYSEndS7N/mTCbkdQ=="],

    "toidentifier": ["toidentifier@1.0.1", {}, "sha512-o5sSPKEkg/DIQNmH43V0/uerLrpzVedkUh8tGNvaeXpfpuwjKenlSox/2O/BTlZUtEe+JG7s5YhEz608PlAHRA=="],

    "type-is": ["type-is@1.6.18", {
      "dependencies": {
        "media-typer": "0.3.0",
        "mime-types": "~2.1.24",
      },
    }, "sha512-TkRKr9sUTxEH8MdfuCSP7VizJyzRNMjj2J2do2Jr3Kym598JVdEksuzPQCnlFPW4ky9Q+iA+ma9BGm06XQBy8g=="],

    "unpipe": ["unpipe@1.0.0", {}, "sha512-pjy2bYhSsufwWlKwPc+l3cN7+wuJlK6uz0YdpEOc4517fbeQoGGTx/Y4M59m8l+m32bNHIHJLqMbpSP4+MRhQ=="],

    "utils-merge": ["utils-merge@1.0.1", {}, "sha512-pMZTvIkT1d+TFGvDOqodOclx0QWkkgi6Tdoa8gC/9g/9YIZBRG5p0MBMB7f63PcBDZHlVfCqYkAY9vJWe7NTg=="],

    "vary": ["vary@1.1.2", {}, "sha512-BNGbWLfd0eUPabhkXUVm0j8uuvREyTh5ovRa/dyow/BqAbZJyC+5fU+IzQOzmAKzYqYRAISoRhdQr3eIZ/PXqg=="],
  },
}